
Microsoft Visual Studio Solution File, Format Version 12.00
# Visual Studio Version 17
VisualStudioVersion = 17.5.33530.505
MinimumVisualStudioVersion = 10.0.40219.1
Project("{FAE04EC0-301F-11D3-BF4B-00C04F79EFBC}") = "API", "API\API.csproj", "{726A501F-0259-47B6-AF63-0932F1C1ACCF}"
EndProject
Project("{FAE04EC0-301F-11D3-BF4B-00C04F79EFBC}") = "Infrastructure", "Infrastructure\Infrastructure.csproj", "{5FAB81B7-14EE-47AC-9CEA-BE2E117D4F49}"
EndProject
Project("{FAE04EC0-301F-11D3-BF4B-00C04F79EFBC}") = "Core", "Core\Core.csproj", "{8FE5A00B-95A8-4287-A6E8-C66C9545F72D}"
EndProject
Global
	GlobalSection(SolutionConfigurationPlatforms) = preSolution
		Debug|Any CPU = Debug|Any CPU
		Release|Any CPU = Release|Any CPU
	EndGlobalSection
	GlobalSection(ProjectConfigurationPlatforms) = postSolution
		{726A501F-0259-47B6-AF63-0932F1C1ACCF}.Debug|Any CPU.ActiveCfg = Debug|Any CPU
		{726A501F-0259-47B6-AF63-0932F1C1ACCF}.Debug|Any CPU.Build.0 = Debug|Any CPU
		{726A501F-0259-47B6-AF63-0932F1C1ACCF}.Release|Any CPU.ActiveCfg = Release|Any CPU
		{726A501F-0259-47B6-AF63-0932F1C1ACCF}.Release|Any CPU.Build.0 = Release|Any CPU
		{5FAB81B7-14EE-47AC-9CEA-BE2E117D4F49}.Debug|Any CPU.ActiveCfg = Debug|Any CPU
		{5FAB81B7-14EE-47AC-9CEA-BE2E117D4F49}.Debug|Any CPU.Build.0 = Debug|Any CPU
		{5FAB81B7-14EE-47AC-9CEA-BE2E117D4F49}.Release|Any CPU.ActiveCfg = Release|Any CPU
		{5FAB81B7-14EE-47AC-9CEA-BE2E117D4F49}.Release|Any CPU.Build.0 = Release|Any CPU
		{8FE5A00B-95A8-4287-A6E8-C66C9545F72D}.Debug|Any CPU.ActiveCfg = Debug|Any CPU
		{8FE5A00B-95A8-4287-A6E8-C66C9545F72D}.Debug|Any CPU.Build.0 = Debug|Any CPU
		{8FE5A00B-95A8-4287-A6E8-C66C9545F72D}.Release|Any CPU.ActiveCfg = Release|Any CPU
		{8FE5A00B-95A8-4287-A6E8-C66C9545F72D}.Release|Any CPU.Build.0 = Release|Any CPU
	EndGlobalSection
	GlobalSection(SolutionProperties) = preSolution
		HideSolutionNode = FALSE
	EndGlobalSection
	GlobalSection(ExtensibilityGlobals) = postSolution
		SolutionGuid = {BD6EECE1-2931-4FC4-9310-04A1671F8550}
	EndGlobalSection
EndGlobal
